
Microsoft Visual Studio Solution File, Format Version 12.00
# Visual Studio Version 17
VisualStudioVersion = 17.14.37012.4 d17.14
MinimumVisualStudioVersion = 10.0.40219.1
Project("{FAE04EC0-301F-11D3-BF4B-00C04F79EFBC}") = "Task5_oop", "Task5_oop.csproj", "{1D06EF5C-3E9C-45C8-8B24-C2B7119EB288}"
EndProject
Global
	GlobalSection(SolutionConfigurationPlatforms) = preSolution
		Debug|Any CPU = Debug|Any CPU
		Release|Any CPU = Release|Any CPU
	EndGlobalSection
	GlobalSection(ProjectConfigurationPlatforms) = postSolution
		{1D06EF5C-3E9C-45C8-8B24-C2B7119EB288}.Debug|Any CPU.ActiveCfg = Debug|Any CPU
		{1D06EF5C-3E9C-45C8-8B24-C2B7119EB288}.Debug|Any CPU.Build.0 = Debug|Any CPU
		{1D06EF5C-3E9C-45C8-8B24-C2B7119EB288}.Release|Any CPU.ActiveCfg = Release|Any CPU
		{1D06EF5C-3E9C-45C8-8B24-C2B7119EB288}.Release|Any CPU.Build.0 = Release|Any CPU
	EndGlobalSection
	GlobalSection(SolutionProperties) = preSolution
		HideSolutionNode = FALSE
	EndGlobalSection
	GlobalSection(ExtensibilityGlobals) = postSolution
		SolutionGuid = {26DE2166-5C61-420A-A897-8B1B76451438}
	EndGlobalSection
EndGlobal
